Microsoft Visual Studio Solution File, Format Version 11.00
# Visual Studio 2008

Project("{6A5EAC2B-EDB4-B96D-9B8C-1FB4D1CFBC8B}") = "awsome", "Assembly-CSharp-firstpass-vs.csproj", "{A526AF2D-E270-9116-CA91-135DD28D2B36}"
EndProject
Project("{6A5EAC2B-EDB4-B96D-9B8C-1FB4D1CFBC8B}") = "awsome", "Assembly-CSharp-vs.csproj", "{FB09C097-AA67-C591-0A27-A2B922E1FCA1}"
EndProject
Global
	GlobalSection(SolutionConfigurationPlatforms) = preSolution
		Debug|Any CPU = Debug|Any CPU
		Release|Any CPU = Release|Any CPU
	EndGlobalSection
	GlobalSection(ProjectConfigurationPlatforms) = postSolution
		{A526AF2D-E270-9116-CA91-135DD28D2B36}.Debug|Any CPU.ActiveCfg = Debug|Any CPU
		{A526AF2D-E270-9116-CA91-135DD28D2B36}.Debug|Any CPU.Build.0 = Debug|Any CPU
		{A526AF2D-E270-9116-CA91-135DD28D2B36}.Release|Any CPU.ActiveCfg = Release|Any CPU
		{A526AF2D-E270-9116-CA91-135DD28D2B36}.Release|Any CPU.Build.0 = Release|Any CPU
		{FB09C097-AA67-C591-0A27-A2B922E1FCA1}.Debug|Any CPU.ActiveCfg = Debug|Any CPU
		{FB09C097-AA67-C591-0A27-A2B922E1FCA1}.Debug|Any CPU.Build.0 = Debug|Any CPU
		{FB09C097-AA67-C591-0A27-A2B922E1FCA1}.Release|Any CPU.ActiveCfg = Release|Any CPU
		{FB09C097-AA67-C591-0A27-A2B922E1FCA1}.Release|Any CPU.Build.0 = Release|Any CPU
	EndGlobalSection
	GlobalSection(SolutionProperties) = preSolution
		HideSolutionNode = FALSE
	EndGlobalSection
																																							GlobalSection(MonoDevelopProperties) = preSolution
		StartupItem = Assembly-CSharp.csproj
		Policies = $0
		$0.TextStylePolicy = $1
		$1.inheritsSet = null
		$1.scope = text/x-csharp
		$0.CSharpFormattingPolicy = $2
		$2.inheritsSet = Mono
		$2.inheritsScope = text/x-csharp
		$2.scope = text/x-csharp
		$0.TextStylePolicy = $3
		$3.FileWidth = 120
		$3.TabWidth = 4
		$3.EolMarker = Unix
		$3.inheritsSet = Mono
		$3.inheritsScope = text/plain
		$3.scope = text/plain
	EndGlobalSection

EndGlobal
